// !$*UTF8*$!
{
	archiveVersion = 1;
	classes = {
	};
	objectVersion = 55;
	objects = {

/* Begin PBXBuildFile section */
		B92D58BC279065F8008AFF28 /* PizzaKingApp.swift in Sources */ = {isa = PBXBuildFile; fileRef = B92D58BB279065F8008AFF28 /* PizzaKingApp.swift */; };
		B92D58BE279065F8008AFF28 /* ContentView.swift in Sources */ = {isa = PBXBuildFile; fileRef = B92D58BD279065F8008AFF28 /* ContentView.swift */; };
		B92D58C0279065F9008AFF28 /* Assets.xcassets in Resources */ = {isa = PBXBuildFile; fileRef = B92D58BF279065F9008AFF28 /* Assets.xcassets */; };
		B92D58C3279065F9008AFF28 /* Preview Assets.xcassets in Resources */ = {isa = PBXBuildFile; fileRef = B92D58C2279065F9008AFF28 /* Preview Assets.xcassets */; };
		B92D58CC2790685F008AFF28 /* MainView.swift in Sources */ = {isa = PBXBuildFile; fileRef = B92D58CB2790685F008AFF28 /* MainView.swift */; };
		B938474327945A7A005F6585 /* pizzaHut.swift in Sources */ = {isa = PBXBuildFile; fileRef = B938474227945A7A005F6585 /* pizzaHut.swift */; };
		B9519370279ED4930095ED31 /* pizzahutDATA.swift in Sources */ = {isa = PBXBuildFile; fileRef = B951936F279ED4930095ED31 /* pizzahutDATA.swift */; };
		B9519372279ED5720095ED31 /* DominoDATA.swift in Sources */ = {isa = PBXBuildFile; fileRef = B9519371279ED5720095ED31 /* DominoDATA.swift */; };
		B9519374279EDACC0095ED31 /* NapoliDATA.swift in Sources */ = {isa = PBXBuildFile; fileRef = B9519373279EDACC0095ED31 /* NapoliDATA.swift */; };
		B95E68B927A1714B00869A36 /* KeelungDATA.swift in Sources */ = {isa = PBXBuildFile; fileRef = B95E68B827A1714B00869A36 /* KeelungDATA.swift */; };
		B9DB8A532797233A00D6E2C1 /* LogoList.swift in Sources */ = {isa = PBXBuildFile; fileRef = B9DB8A522797233A00D6E2C1 /* LogoList.swift */; };
		B9DB8A552797260800D6E2C1 /* Domino.swift in Sources */ = {isa = PBXBuildFile; fileRef = B9DB8A542797260800D6E2C1 /* Domino.swift */; };
		B9DB8A572797262100D6E2C1 /* Naples.swift in Sources */ = {isa = PBXBuildFile; fileRef = B9DB8A562797262100D6E2C1 /* Naples.swift */; };
/* End PBXBuildFile section */

/* Begin PBXFileReference section */
		B92D58B8279065F8008AFF28 /* PizzaKing.app */ = {isa = PBXFileReference; explicitFileType = wrapper.application; includeInIndex = 0; path = PizzaKing.app; sourceTree = BUILT_PRODUCTS_DIR; };
		B92D58BB279065F8008AFF28 /* PizzaKingApp.swift */ = {isa = PBXFileReference; lastKnownFileType = sourcecode.swift; path = PizzaKingApp.swift; sourceTree = "<group>"; };
		B92D58BD279065F8008AFF28 /* ContentView.swift */ = {isa = PBXFileReference; lastKnownFileType = sourcecode.swift; path = ContentView.swift; sourceTree = "<group>"; };
		B92D58BF279065F9008AFF28 /* Assets.xcassets */ = {isa = PBXFileReference; lastKnownFileType = folder.assetcatalog; path = Assets.xcassets; sourceTree = "<group>"; };
		B92D58C2279065F9008AFF28 /* Preview Assets.xcassets */ = {isa = PBXFileReference; lastKnownFileType = folder.assetcatalog; path = "Preview Assets.xcassets"; sourceTree = "<group>"; };
		B92D58CB2790685F008AFF28 /* MainView.swift */ = {isa = PBXFileReference; lastKnownFileType = sourcecode.swift; path = MainView.swift; sourceTree = "<group>"; };
		B938474227945A7A005F6585 /* pizzaHut.swift */ = {isa = PBXFileReference; lastKnownFileType = sourcecode.swift; path = pizzaHut.swift; sourceTree = "<group>"; };
		B951936F279ED4930095ED31 /* pizzahutDATA.swift */ = {isa = PBXFileReference; lastKnownFileType = sourcecode.swift; path = pizzahutDATA.swift; sourceTree = "<group>"; };
		B9519371279ED5720095ED31 /* DominoDATA.swift */ = {isa = PBXFileReference; lastKnownFileType = sourcecode.swift; path = DominoDATA.swift; sourceTree = "<group>"; };
		B9519373279EDACC0095ED31 /* NapoliDATA.swift */ = {isa = PBXFileReference; lastKnownFileType = sourcecode.swift; path = NapoliDATA.swift; sourceTree = "<group>"; };
		B95E68B827A1714B00869A36 /* KeelungDATA.swift */ = {isa = PBXFileReference; lastKnownFileType = sourcecode.swift; path = KeelungDATA.swift; sourceTree = "<group>"; };
		B9DB8A522797233A00D6E2C1 /* LogoList.swift */ = {isa = PBXFileReference; lastKnownFileType = sourcecode.swift; path = LogoList.swift; sourceTree = "<group>"; };
		B9DB8A542797260800D6E2C1 /* Domino.swift */ = {isa = PBXFileReference; lastKnownFileType = sourcecode.swift; path = Domino.swift; sourceTree = "<group>"; };
		B9DB8A562797262100D6E2C1 /* Naples.swift */ = {isa = PBXFileReference; lastKnownFileType = sourcecode.swift; path = Naples.swift; sourceTree = "<group>"; };
/* End PBXFileReference section */

/* Begin PBXFrameworksBuildPhase section */
		B92D58B5279065F8008AFF28 /* Frameworks */ = {
			isa = PBXFrameworksBuildPhase;
			buildActionMask = 2147483647;
			files = (
			);
			runOnlyForDeploymentPostprocessing = 0;
		};
/* End PBXFrameworksBuildPhase section */

/* Begin PBXGroup section */
		B92D58AF279065F8008AFF28 = {
			isa = PBXGroup;
			children = (
				B92D58BA279065F8008AFF28 /* PizzaKing */,
				B92D58B9279065F8008AFF28 /* Products */,
			);
			sourceTree = "<group>";
		};
		B92D58B9279065F8008AFF28 /* Products */ = {
			isa = PBXGroup;
			children = (
				B92D58B8279065F8008AFF28 /* PizzaKing.app */,
			);
			name = Products;
			sourceTree = "<group>";
		};
		B92D58BA279065F8008AFF28 /* PizzaKing */ = {
			isa = PBXGroup;
			children = (
				B92D58CB2790685F008AFF28 /* MainView.swift */,
				B9DB8A522797233A00D6E2C1 /* LogoList.swift */,
				B9DB8A562797262100D6E2C1 /* Naples.swift */,
				B9DB8A542797260800D6E2C1 /* Domino.swift */,
				B938474227945A7A005F6585 /* pizzaHut.swift */,
				B92D58BB279065F8008AFF28 /* PizzaKingApp.swift */,
				B92D58BD279065F8008AFF28 /* ContentView.swift */,
				B9FEB31B279DEBB400DAAE72 /* Model */,
				B92D58BF279065F9008AFF28 /* Assets.xcassets */,
				B92D58C1279065F9008AFF28 /* Preview Content */,
			);
			path = PizzaKing;
			sourceTree = "<group>";
		};
		B92D58C1279065F9008AFF28 /* Preview Content */ = {
			isa = PBXGroup;
			children = (
				B92D58C2279065F9008AFF28 /* Preview Assets.xcassets */,
			);
			path = "Preview Content";
			sourceTree = "<group>";
		};
		B9FEB31B279DEBB400DAAE72 /* Model */ = {
			isa = PBXGroup;
			children = (
				B951936F279ED4930095ED31 /* pizzahutDATA.swift */,
				B95E68B827A1714B00869A36 /* KeelungDATA.swift */,
				B9519371279ED5720095ED31 /* DominoDATA.swift */,
				B9519373279EDACC0095ED31 /* NapoliDATA.swift */,
			);
			path = Model;
			sourceTree = "<group>";
		};
/* End PBXGroup section */

/* Begin PBXNativeTarget section */
		B92D58B7279065F8008AFF28 /* PizzaKing */ = {
			isa = PBXNativeTarget;
			buildConfigurationList = B92D58C6279065F9008AFF28 /* Build configuration list for PBXNativeTarget "PizzaKing" */;
			buildPhases = (
				B92D58B4279065F8008AFF28 /* Sources */,
				B92D58B5279065F8008AFF28 /* Frameworks */,
				B92D58B6279065F8008AFF28 /* Resources */,
			);
			buildRules = (
			);
			dependencies = (
			);
			name = PizzaKing;
			productName = PizzaKing;
			productReference = B92D58B8279065F8008AFF28 /* PizzaKing.app */;
			productType = "com.apple.product-type.application";
		};
/* End PBXNativeTarget section */

/* Begin PBXProject section */
		B92D58B0279065F8008AFF28 /* Project object */ = {
			isa = PBXProject;
			attributes = {
				BuildIndependentTargetsInParallel = 1;
				LastSwiftUpdateCheck = 1300;
				LastUpgradeCheck = 1300;
				TargetAttributes = {
					B92D58B7279065F8008AFF28 = {
						CreatedOnToolsVersion = 13.0;
					};
				};
			};
			buildConfigurationList = B92D58B3279065F8008AFF28 /* Build configuration list for PBXProject "PizzaKing" */;
			compatibilityVersion = "Xcode 13.0";
			developmentRegion = en;
			hasScannedForEncodings = 0;
			knownRegions = (
				en,
				Base,
			);
			mainGroup = B92D58AF279065F8008AFF28;
			productRefGroup = B92D58B9279065F8008AFF28 /* Products */;
			projectDirPath = "";
			projectRoot = "";
			targets = (
				B92D58B7279065F8008AFF28 /* PizzaKing */,
			);
		};
/* End PBXProject section */

/* Begin PBXResourcesBuildPhase section */
		B92D58B6279065F8008AFF28 /* Resources */ = {
			isa = PBXResourcesBuildPhase;
			buildActionMask = 2147483647;
			files = (
				B92D58C3279065F9008AFF28 /* Preview Assets.xcassets in Resources */,
				B92D58C0279065F9008AFF28 /* Assets.xcassets in Resources */,
			);
			runOnlyForDeploymentPostprocessing = 0;
		};
/* End PBXResourcesBuildPhase section */

/* Begin PBXSourcesBuildPhase section */
		B92D58B4279065F8008AFF28 /* Sources */ = {
			isa = PBXSourcesBuildPhase;
			buildActionMask = 2147483647;
			files = (
				B938474327945A7A005F6585 /* pizzaHut.swift in Sources */,
				B95E68B927A1714B00869A36 /* KeelungDATA.swift in Sources */,
				B9DB8A552797260800D6E2C1 /* Domino.swift in Sources */,
				B92D58BE279065F8008AFF28 /* ContentView.swift in Sources */,
				B9519372279ED5720095ED31 /* DominoDATA.swift in Sources */,
				B9519370279ED4930095ED31 /* pizzahutDATA.swift in Sources */,
				B92D58CC2790685F008AFF28 /* MainView.swift in Sources */,
				B9519374279EDACC0095ED31 /* NapoliDATA.swift in Sources */,
				B9DB8A532797233A00D6E2C1 /* LogoList.swift in Sources */,
				B9DB8A572797262100D6E2C1 /* Naples.swift in Sources */,
				B92D58BC279065F8008AFF28 /* PizzaKingApp.swift in Sources */,
			);
			runOnlyForDeploymentPostprocessing = 0;
		};
/* End PBXSourcesBuildPhase section */

/* Begin XCBuildConfiguration section */
		B92D58C4279065F9008AFF28 /* Debug */ = {
			isa = XCBuildConfiguration;
			buildSettings = {
				ALWAYS_SEARCH_USER_PATHS = NO;
				CLANG_ANALYZER_NONNULL = YES;
				CLANG_ANALYZER_NUMBER_OBJECT_CONVERSION = YES_AGGRESSIVE;
				CLANG_CXX_LANGUAGE_STANDARD = "gnu++17";
				CLANG_CXX_LIBRARY = "libc++";
				CLANG_ENABLE_MODULES = YES;
				CLANG_ENABLE_OBJC_ARC = YES;
				CLANG_ENABLE_OBJC_WEAK = YES;
				CLANG_WARN_BLOCK_CAPTURE_AUTORELEASING = YES;
				CLANG_WARN_BOOL_CONVERSION = YES;
				CLANG_WARN_COMMA = YES;
				CLANG_WARN_CONSTANT_CONVERSION = YES;
				CLANG_WARN_DEPRECATED_OBJC_IMPLEMENTATIONS = YES;
				CLANG_WARN_DIRECT_OBJC_ISA_USAGE = YES_ERROR;
				CLANG_WARN_DOCUMENTATION_COMMENTS = YES;
				CLANG_WARN_EMPTY_BODY = YES;
				CLANG_WARN_ENUM_CONVERSION = YES;
				CLANG_WARN_INFINITE_RECURSION = YES;
				CLANG_WARN_INT_CONVERSION = YES;
				CLANG_WARN_NON_LITERAL_NULL_CONVERSION = YES;
				CLANG_WARN_OBJC_IMPLICIT_RETAIN_SELF = YES;
				CLANG_WARN_OBJC_LITERAL_CONVERSION = YES;
				CLANG_WARN_OBJC_ROOT_CLASS = YES_ERROR;
				CLANG_WARN_QUOTED_INCLUDE_IN_FRAMEWORK_HEADER = YES;
				CLANG_WARN_RANGE_LOOP_ANALYSIS = YES;
				CLANG_WARN_STRICT_PROTOTYPES = YES;
				CLANG_WARN_SUSPICIOUS_MOVE = YES;
				CLANG_WARN_UNGUARDED_AVAILABILITY = YES_AGGRESSIVE;
				CLANG_WARN_UNREACHABLE_CODE = YES;
				CLANG_WARN__DUPLICATE_METHOD_MATCH = YES;
				COPY_PHASE_STRIP = NO;
				DEBUG_INFORMATION_FORMAT = dwarf;
				ENABLE_STRICT_OBJC_MSGSEND = YES;
				ENABLE_TESTABILITY = YES;
				GCC_C_LANGUAGE_STANDARD = gnu11;
				GCC_DYNAMIC_NO_PIC = NO;
				GCC_NO_COMMON_BLOCKS = YES;
				GCC_OPTIMIZATION_LEVEL = 0;
				GCC_PREPROCESSOR_DEFINITIONS = (
					"DEBUG=1",
					"$(inherited)",
				);
				GCC_WARN_64_TO_32_BIT_CONVERSION = YES;
				GCC_WARN_ABOUT_RETURN_TYPE = YES_ERROR;
				GCC_WARN_UNDECLARED_SELECTOR = YES;
				GCC_WARN_UNINITIALIZED_AUTOS = YES_AGGRESSIVE;
				GCC_WARN_UNUSED_FUNCTION = YES;
				GCC_WARN_UNUSED_VARIABLE = YES;
				IPHONEOS_DEPLOYMENT_TARGET = 15.0;
				MTL_ENABLE_DEBUG_INFO = INCLUDE_SOURCE;
				MTL_FAST_MATH = YES;
				ONLY_ACTIVE_ARCH = YES;
				SDKROOT = iphoneos;
				SWIFT_ACTIVE_COMPILATION_CONDITIONS = DEBUG;
				SWIFT_OPTIMIZATION_LEVEL = "-Onone";
			};
			name = Debug;
		};
		B92D58C5279065F9008AFF28 /* Release */ = {
			isa = XCBuildConfiguration;
			buildSettings = {
				ALWAYS_SEARCH_USER_PATHS = NO;
				CLANG_ANALYZER_NONNULL = YES;
				CLANG_ANALYZER_NUMBER_OBJECT_CONVERSION = YES_AGGRESSIVE;
				CLANG_CXX_LANGUAGE_STANDARD = "gnu++17";
				CLANG_CXX_LIBRARY = "libc++";
				CLANG_ENABLE_MODULES = YES;
				CLANG_ENABLE_OBJC_ARC = YES;
				CLANG_ENABLE_OBJC_WEAK = YES;
				CLANG_WARN_BLOCK_CAPTURE_AUTORELEASING = YES;
				CLANG_WARN_BOOL_CONVERSION = YES;
				CLANG_WARN_COMMA = YES;
				CLANG_WARN_CONSTANT_CONVERSION = YES;
				CLANG_WARN_DEPRECATED_OBJC_IMPLEMENTATIONS = YES;
				CLANG_WARN_DIRECT_OBJC_ISA_USAGE = YES_ERROR;
				CLANG_WARN_DOCUMENTATION_COMMENTS = YES;
				CLANG_WARN_EMPTY_BODY = YES;
				CLANG_WARN_ENUM_CONVERSION = YES;
				CLANG_WARN_INFINITE_RECURSION = YES;
				CLANG_WARN_INT_CONVERSION = YES;
				CLANG_WARN_NON_LITERAL_NULL_CONVERSION = YES;
				CLANG_WARN_OBJC_IMPLICIT_RETAIN_SELF = YES;
				CLANG_WARN_OBJC_LITERAL_CONVERSION = YES;
				CLANG_WARN_OBJC_ROOT_CLASS = YES_ERROR;
				CLANG_WARN_QUOTED_INCLUDE_IN_FRAMEWORK_HEADER = YES;
				CLANG_WARN_RANGE_LOOP_ANALYSIS = YES;
				CLANG_WARN_STRICT_PROTOTYPES = YES;
				CLANG_WARN_SUSPICIOUS_MOVE = YES;
				CLANG_WARN_UNGUARDED_AVAILABILITY = YES_AGGRESSIVE;
				CLANG_WARN_UNREACHABLE_CODE = YES;
				CLANG_WARN__DUPLICATE_METHOD_MATCH = YES;
				COPY_PHASE_STRIP = NO;
				DEBUG_INFORMATION_FORMAT = "dwarf-with-dsym";
				ENABLE_NS_ASSERTIONS = NO;
				ENABLE_STRICT_OBJC_MSGSEND = YES;
				GCC_C_LANGUAGE_STANDARD = gnu11;
				GCC_NO_COMMON_BLOCKS = YES;
				GCC_WARN_64_TO_32_BIT_CONVERSION = YES;
				GCC_WARN_ABOUT_RETURN_TYPE = YES_ERROR;
				GCC_WARN_UNDECLARED_SELECTOR = YES;
				GCC_WARN_UNINITIALIZED_AUTOS = YES_AGGRESSIVE;
				GCC_WARN_UNUSED_FUNCTION = YES;
				GCC_WARN_UNUSED_VARIABLE = YES;
				IPHONEOS_DEPLOYMENT_TARGET = 15.0;
				MTL_ENABLE_DEBUG_INFO = NO;
				MTL_FAST_MATH = YES;
				SDKROOT = iphoneos;
				SWIFT_COMPILATION_MODE = wholemodule;
				SWIFT_OPTIMIZATION_LEVEL = "-O";
				VALIDATE_PRODUCT = YES;
			};
			name = Release;
		};
		B92D58C7279065F9008AFF28 /* Debug */ = {
			isa = XCBuildConfiguration;
			buildSettings = {
				ASSETCATALOG_COMPILER_APPICON_NAME = AppIcon;
				ASSETCATALOG_COMPILER_GLOBAL_ACCENT_COLOR_NAME = AccentColor;
				CODE_SIGN_STYLE = Automatic;
				CURRENT_PROJECT_VERSION = 1;
				DEVELOPMENT_ASSET_PATHS = "\"PizzaKing/Preview Content\"";
				ENABLE_PREVIEWS = YES;
				GENERATE_INFOPLIST_FILE = YES;
				INFOPLIST_KEY_UIApplicationSceneManifest_Generation = YES;
				INFOPLIST_KEY_UIApplicationSupportsIndirectInputEvents = YES;
				INFOPLIST_KEY_UILaunchScreen_Generation = YES;
				INFOPLIST_KEY_UISupportedInterfaceOrientations_iPad = "UIInterfaceOrientationPortrait UIInterfaceOrientationPortraitUpsideDown UIInterfaceOrientationLandscapeLeft UIInterfaceOrientationLandscapeRight";
				INFOPLIST_KEY_UISupportedInterfaceOrientations_iPhone = "UIInterfaceOrientationPortrait UIInterfaceOrientationLandscapeLeft UIInterfaceOrientationLandscapeRight";
				IPHONEOS_DEPLOYMENT_TARGET = 14.0;
				LD_RUNPATH_SEARCH_PATHS = (
					"$(inherited)",
					"@executable_path/Frameworks",
				);
				MARKETING_VERSION = 1.0;
				PRODUCT_BUNDLE_IDENTIFIER = com.kenny.PizzaKing;
				PRODUCT_NAME = "$(TARGET_NAME)";
				SWIFT_EMIT_LOC_STRINGS = YES;
				SWIFT_VERSION = 5.0;
				TARGETED_DEVICE_FAMILY = "1,2";
			};
			name = Debug;
		};
		B92D58C8279065F9008AFF28 /* Release */ = {
			isa = XCBuildConfiguration;
			buildSettings = {
				ASSETCATALOG_COMPILER_APPICON_NAME = AppIcon;
				ASSETCATALOG_COMPILER_GLOBAL_ACCENT_COLOR_NAME = AccentColor;
				CODE_SIGN_STYLE = Automatic;
				CURRENT_PROJECT_VERSION = 1;
				DEVELOPMENT_ASSET_PATHS = "\"PizzaKing/Preview Content\"";
				ENABLE_PREVIEWS = YES;
				GENERATE_INFOPLIST_FILE = YES;
				INFOPLIST_KEY_UIApplicationSceneManifest_Generation = YES;
				INFOPLIST_KEY_UIApplicationSupportsIndirectInputEvents = YES;
				INFOPLIST_KEY_UILaunchScreen_Generation = YES;
				INFOPLIST_KEY_UISupportedInterfaceOrientations_iPad = "UIInterfaceOrientationPortrait UIInterfaceOrientationPortraitUpsideDown UIInterfaceOrientationLandscapeLeft UIInterfaceOrientationLandscapeRight";
				INFOPLIST_KEY_UISupportedInterfaceOrientations_iPhone = "UIInterfaceOrientationPortrait UIInterfaceOrientationLandscapeLeft UIInterfaceOrientationLandscapeRight";
				IPHONEOS_DEPLOYMENT_TARGET = 14.0;
				LD_RUNPATH_SEARCH_PATHS = (
					"$(inherited)",
					"@executable_path/Frameworks",
				);
				MARKETING_VERSION = 1.0;
				PRODUCT_BUNDLE_IDENTIFIER = com.kenny.PizzaKing;
				PRODUCT_NAME = "$(TARGET_NAME)";
				SWIFT_EMIT_LOC_STRINGS = YES;
				SWIFT_VERSION = 5.0;
				TARGETED_DEVICE_FAMILY = "1,2";
			};
			name = Release;
		};
/* End XCBuildConfiguration section */

/* Begin XCConfigurationList section */
		B92D58B3279065F8008AFF28 /* Build configuration list for PBXProject "PizzaKing" */ = {
			isa = XCConfigurationList;
			buildConfigurations = (
				B92D58C4279065F9008AFF28 /* Debug */,
				B92D58C5279065F9008AFF28 /* Release */,
			);
			defaultConfigurationIsVisible = 0;
			defaultConfigurationName = Release;
		};
		B92D58C6279065F9008AFF28 /* Build configuration list for PBXNativeTarget "PizzaKing" */ = {
			isa = XCConfigurationList;
			buildConfigurations = (
				B92D58C7279065F9008AFF28 /* Debug */,
				B92D58C8279065F9008AFF28 /* Release */,
			);
			defaultConfigurationIsVisible = 0;
			defaultConfigurationName = Release;
		};
/* End XCConfigurationList section */
	};
	rootObject = B92D58B0279065F8008AFF28 /* Project object */;
}
